
Microsoft Visual Studio Solution File, Format Version 12.00
# Visual Studio Version 17
VisualStudioVersion = 17.14.36915.13 d17.14
MinimumVisualStudioVersion = 10.0.40219.1
Project("{54A90642-561A-4BB1-A94E-469ADEE60C69}") = "ddx3216midicontrol.client", "ddx3216midicontrol.client\ddx3216midicontrol.client.esproj", "{97D422CB-5C9C-0D70-6E18-6C358993C996}"
EndProject
Project("{FAE04EC0-301F-11D3-BF4B-00C04F79EFBC}") = "DDX3216MidiControl.Server", "DDX3216MidiControl.Server\DDX3216MidiControl.Server.csproj", "{759C662A-FEA3-4946-B048-C144CEC62B94}"
EndProject
Global
	GlobalSection(SolutionConfigurationPlatforms) = preSolution
		Debug|Any CPU = Debug|Any CPU
		Release|Any CPU = Release|Any CPU
	EndGlobalSection
	GlobalSection(ProjectConfigurationPlatforms) = postSolution
		{97D422CB-5C9C-0D70-6E18-6C358993C996}.Debug|Any CPU.ActiveCfg = Debug|Any CPU
		{97D422CB-5C9C-0D70-6E18-6C358993C996}.Debug|Any CPU.Build.0 = Debug|Any CPU
		{97D422CB-5C9C-0D70-6E18-6C358993C996}.Debug|Any CPU.Deploy.0 = Debug|Any CPU
		{97D422CB-5C9C-0D70-6E18-6C358993C996}.Release|Any CPU.ActiveCfg = Release|Any CPU
		{97D422CB-5C9C-0D70-6E18-6C358993C996}.Release|Any CPU.Build.0 = Release|Any CPU
		{97D422CB-5C9C-0D70-6E18-6C358993C996}.Release|Any CPU.Deploy.0 = Release|Any CPU
		{759C662A-FEA3-4946-B048-C144CEC62B94}.Debug|Any CPU.ActiveCfg = Debug|Any CPU
		{759C662A-FEA3-4946-B048-C144CEC62B94}.Debug|Any CPU.Build.0 = Debug|Any CPU
		{759C662A-FEA3-4946-B048-C144CEC62B94}.Release|Any CPU.ActiveCfg = Release|Any CPU
		{759C662A-FEA3-4946-B048-C144CEC62B94}.Release|Any CPU.Build.0 = Release|Any CPU
	EndGlobalSection
	GlobalSection(SolutionProperties) = preSolution
		HideSolutionNode = FALSE
	EndGlobalSection
	GlobalSection(ExtensibilityGlobals) = postSolution
		SolutionGuid = {9698BFC0-12FE-4066-BFFC-9C3EA903E781}
	EndGlobalSection
EndGlobal
